// !$*UTF8*$!
{
	archiveVersion = 1;
	classes = {
	};
	objectVersion = 56;
	objects = {

/* Begin PBXBuildFile section */
		1D5F2D72521C68F3728E31E3 /* Pods_Login_in_system.framework in Frameworks */ = {isa = PBXBuildFile; fileRef = 9E385BB3A4A95FA49A4B5917 /* Pods_Login_in_system.framework */; };
		910BDC082A95E3FB00D2764B /* WebViewController.swift in Sources */ = {isa = PBXBuildFile; fileRef = 910BDC072A95E3FB00D2764B /* WebViewController.swift */; };
		910BDC0B2A96063B00D2764B /* AlertManager.swift in Sources */ = {isa = PBXBuildFile; fileRef = 910BDC0A2A96063B00D2764B /* AlertManager.swift */; };
		910BDC462A9652F000D2764B /* AuthService.swift in Sources */ = {isa = PBXBuildFile; fileRef = 910BDC452A9652F000D2764B /* AuthService.swift */; };
		910BDC492A96546500D2764B /* RegisterUserRequest.swift in Sources */ = {isa = PBXBuildFile; fileRef = 910BDC482A96546500D2764B /* RegisterUserRequest.swift */; };
		917F34E42A97432500B63AFA /* GoogleService-Info.plist in Resources */ = {isa = PBXBuildFile; fileRef = 917F34E32A97432500B63AFA /* GoogleService-Info.plist */; };
		917F34E62A97488800B63AFA /* LoginUserRequest.swift in Sources */ = {isa = PBXBuildFile; fileRef = 917F34E52A97488800B63AFA /* LoginUserRequest.swift */; };
		917F34EA2A97577A00B63AFA /* Validation.swift in Sources */ = {isa = PBXBuildFile; fileRef = 917F34E92A97577A00B63AFA /* Validation.swift */; };
		917F34EF2A9772AE00B63AFA /* Localizable.strings in Resources */ = {isa = PBXBuildFile; fileRef = 917F34F12A9772AE00B63AFA /* Localizable.strings */; };
		919607142A93B62F00914C0F /* AppDelegate.swift in Sources */ = {isa = PBXBuildFile; fileRef = 919607132A93B62F00914C0F /* AppDelegate.swift */; };
		919607162A93B62F00914C0F /* SceneDelegate.swift in Sources */ = {isa = PBXBuildFile; fileRef = 919607152A93B62F00914C0F /* SceneDelegate.swift */; };
		9196071D2A93B63200914C0F /* Assets.xcassets in Resources */ = {isa = PBXBuildFile; fileRef = 9196071C2A93B63200914C0F /* Assets.xcassets */; };
		919607202A93B63200914C0F /* LaunchScreen.storyboard in Resources */ = {isa = PBXBuildFile; fileRef = 9196071E2A93B63200914C0F /* LaunchScreen.storyboard */; };
		9196072A2A93B97400914C0F /* HomeViewController.swift in Sources */ = {isa = PBXBuildFile; fileRef = 919607292A93B97400914C0F /* HomeViewController.swift */; };
		9196072C2A93B9C300914C0F /* LoginViewController.swift in Sources */ = {isa = PBXBuildFile; fileRef = 9196072B2A93B9C300914C0F /* LoginViewController.swift */; };
		9196072E2A93B9DB00914C0F /* RegisterViewController.swift in Sources */ = {isa = PBXBuildFile; fileRef = 9196072D2A93B9DB00914C0F /* RegisterViewController.swift */; };
		919607302A93BA0A00914C0F /* ForgotPasswordController.swift in Sources */ = {isa = PBXBuildFile; fileRef = 9196072F2A93BA0A00914C0F /* ForgotPasswordController.swift */; };
		91F055302A94E16D00F54C3D /* AuthHeaderView.swift in Sources */ = {isa = PBXBuildFile; fileRef = 91F0552F2A94E16D00F54C3D /* AuthHeaderView.swift */; };
		91F055332A94E1AF00F54C3D /* UIView + Extensions .swift in Sources */ = {isa = PBXBuildFile; fileRef = 91F055322A94E1AF00F54C3D /* UIView + Extensions .swift */; };
		91F055362A94EB2500F54C3D /* Constant.swift in Sources */ = {isa = PBXBuildFile; fileRef = 91F055352A94EB2500F54C3D /* Constant.swift */; };
		91F055382A950B7F00F54C3D /* CustomTextField.swift in Sources */ = {isa = PBXBuildFile; fileRef = 91F055372A950B7E00F54C3D /* CustomTextField.swift */; };
		91F0553B2A95174C00F54C3D /* CustomButton.swift in Sources */ = {isa = PBXBuildFile; fileRef = 91F0553A2A95174C00F54C3D /* CustomButton.swift */; };
/* End PBXBuildFile section */

/* Begin PBXFileReference section */
		4958920A47ED3FB1B7F21A86 /* Pods-Login in system.release.xcconfig */ = {isa = PBXFileReference; includeInIndex = 1; lastKnownFileType = text.xcconfig; name = "Pods-Login in system.release.xcconfig"; path = "Target Support Files/Pods-Login in system/Pods-Login in system.release.xcconfig"; sourceTree = "<group>"; };
		910BDC072A95E3FB00D2764B /* WebViewController.swift */ = {isa = PBXFileReference; lastKnownFileType = sourcecode.swift; path = WebViewController.swift; sourceTree = "<group>"; };
		910BDC0A2A96063B00D2764B /* AlertManager.swift */ = {isa = PBXFileReference; lastKnownFileType = sourcecode.swift; path = AlertManager.swift; sourceTree = "<group>"; };
		910BDC452A9652F000D2764B /* AuthService.swift */ = {isa = PBXFileReference; lastKnownFileType = sourcecode.swift; name = AuthService.swift; path = "../New Group/AuthService.swift"; sourceTree = "<group>"; };
		910BDC482A96546500D2764B /* RegisterUserRequest.swift */ = {isa = PBXFileReference; lastKnownFileType = sourcecode.swift; path = RegisterUserRequest.swift; sourceTree = "<group>"; };
		917F34E32A97432500B63AFA /* GoogleService-Info.plist */ = {isa = PBXFileReference; fileEncoding = 4; lastKnownFileType = text.plist.xml; path = "GoogleService-Info.plist"; sourceTree = "<group>"; };
		917F34E52A97488800B63AFA /* LoginUserRequest.swift */ = {isa = PBXFileReference; lastKnownFileType = sourcecode.swift; path = LoginUserRequest.swift; sourceTree = "<group>"; };
		917F34E92A97577A00B63AFA /* Validation.swift */ = {isa = PBXFileReference; lastKnownFileType = sourcecode.swift; path = Validation.swift; sourceTree = "<group>"; };
		917F34EE2A97726E00B63AFA /* ru */ = {isa = PBXFileReference; lastKnownFileType = text.plist.strings; name = ru; path = ru.lproj/LaunchScreen.strings; sourceTree = "<group>"; };
		917F34F02A9772AE00B63AFA /* en */ = {isa = PBXFileReference; lastKnownFileType = text.plist.strings; name = en; path = en.lproj/Localizable.strings; sourceTree = "<group>"; };
		917F34F22A9772B500B63AFA /* ru */ = {isa = PBXFileReference; lastKnownFileType = text.plist.strings; name = ru; path = ru.lproj/Localizable.strings; sourceTree = "<group>"; };
		919607102A93B62F00914C0F /* Login in system.app */ = {isa = PBXFileReference; explicitFileType = wrapper.application; includeInIndex = 0; path = "Login in system.app"; sourceTree = BUILT_PRODUCTS_DIR; };
		919607132A93B62F00914C0F /* AppDelegate.swift */ = {isa = PBXFileReference; lastKnownFileType = sourcecode.swift; path = AppDelegate.swift; sourceTree = "<group>"; };
		919607152A93B62F00914C0F /* SceneDelegate.swift */ = {isa = PBXFileReference; lastKnownFileType = sourcecode.swift; path = SceneDelegate.swift; sourceTree = "<group>"; };
		9196071C2A93B63200914C0F /* Assets.xcassets */ = {isa = PBXFileReference; lastKnownFileType = folder.assetcatalog; path = Assets.xcassets; sourceTree = "<group>"; };
		9196071F2A93B63200914C0F /* Base */ = {isa = PBXFileReference; lastKnownFileType = file.storyboard; name = Base; path = Base.lproj/LaunchScreen.storyboard; sourceTree = "<group>"; };
		919607212A93B63200914C0F /* Info.plist */ = {isa = PBXFileReference; lastKnownFileType = text.plist.xml; path = Info.plist; sourceTree = "<group>"; };
		919607292A93B97400914C0F /* HomeViewController.swift */ = {isa = PBXFileReference; lastKnownFileType = sourcecode.swift; path = HomeViewController.swift; sourceTree = "<group>"; };
		9196072B2A93B9C300914C0F /* LoginViewController.swift */ = {isa = PBXFileReference; lastKnownFileType = sourcecode.swift; path = LoginViewController.swift; sourceTree = "<group>"; };
		9196072D2A93B9DB00914C0F /* RegisterViewController.swift */ = {isa = PBXFileReference; lastKnownFileType = sourcecode.swift; path = RegisterViewController.swift; sourceTree = "<group>"; };
		9196072F2A93BA0A00914C0F /* ForgotPasswordController.swift */ = {isa = PBXFileReference; lastKnownFileType = sourcecode.swift; path = ForgotPasswordController.swift; sourceTree = "<group>"; };
		91F0552F2A94E16D00F54C3D /* AuthHeaderView.swift */ = {isa = PBXFileReference; lastKnownFileType = sourcecode.swift; path = AuthHeaderView.swift; sourceTree = "<group>"; };
		91F055322A94E1AF00F54C3D /* UIView + Extensions .swift */ = {isa = PBXFileReference; lastKnownFileType = sourcecode.swift; path = "UIView + Extensions .swift"; sourceTree = "<group>"; };
		91F055352A94EB2500F54C3D /* Constant.swift */ = {isa = PBXFileReference; lastKnownFileType = sourcecode.swift; path = Constant.swift; sourceTree = "<group>"; };
		91F055372A950B7E00F54C3D /* CustomTextField.swift */ = {isa = PBXFileReference; lastKnownFileType = sourcecode.swift; path = CustomTextField.swift; sourceTree = "<group>"; };
		91F0553A2A95174C00F54C3D /* CustomButton.swift */ = {isa = PBXFileReference; lastKnownFileType = sourcecode.swift; path = CustomButton.swift; sourceTree = "<group>"; };
		9E385BB3A4A95FA49A4B5917 /* Pods_Login_in_system.framework */ = {isa = PBXFileReference; explicitFileType = wrapper.framework; includeInIndex = 0; path = Pods_Login_in_system.framework; sourceTree = BUILT_PRODUCTS_DIR; };
		C77BFFA98D5AC51F15A21BED /* Pods-Login in system.debug.xcconfig */ = {isa = PBXFileReference; includeInIndex = 1; lastKnownFileType = text.xcconfig; name = "Pods-Login in system.debug.xcconfig"; path = "Target Support Files/Pods-Login in system/Pods-Login in system.debug.xcconfig"; sourceTree = "<group>"; };
/* End PBXFileReference section */

/* Begin PBXFrameworksBuildPhase section */
		9196070D2A93B62F00914C0F /* Frameworks */ = {
			isa = PBXFrameworksBuildPhase;
			buildActionMask = 2147483647;
			files = (
				1D5F2D72521C68F3728E31E3 /* Pods_Login_in_system.framework in Frameworks */,
			);
			runOnlyForDeploymentPostprocessing = 0;
		};
/* End PBXFrameworksBuildPhase section */

/* Begin PBXGroup section */
		024DEAAB499D2E5A6537EF92 /* Pods */ = {
			isa = PBXGroup;
			children = (
				C77BFFA98D5AC51F15A21BED /* Pods-Login in system.debug.xcconfig */,
				4958920A47ED3FB1B7F21A86 /* Pods-Login in system.release.xcconfig */,
			);
			path = Pods;
			sourceTree = "<group>";
		};
		910BDC092A96056E00D2764B /* Controllers */ = {
			isa = PBXGroup;
			children = (
				919607292A93B97400914C0F /* HomeViewController.swift */,
				9196072D2A93B9DB00914C0F /* RegisterViewController.swift */,
				9196072B2A93B9C300914C0F /* LoginViewController.swift */,
				9196072F2A93BA0A00914C0F /* ForgotPasswordController.swift */,
			);
			path = Controllers;
			sourceTree = "<group>";
		};
		910BDC472A9653D700D2764B /* Model */ = {
			isa = PBXGroup;
			children = (
				917F34E52A97488800B63AFA /* LoginUserRequest.swift */,
				910BDC482A96546500D2764B /* RegisterUserRequest.swift */,
			);
			path = Model;
			sourceTree = "<group>";
		};
		917F34EB2A976BB600B63AFA /* Auth */ = {
			isa = PBXGroup;
			children = (
				917F34E92A97577A00B63AFA /* Validation.swift */,
				910BDC452A9652F000D2764B /* AuthService.swift */,
			);
			path = Auth;
			sourceTree = "<group>";
		};
		919607072A93B62F00914C0F = {
			isa = PBXGroup;
			children = (
				917F34F12A9772AE00B63AFA /* Localizable.strings */,
				919607122A93B62F00914C0F /* Login in system */,
				919607112A93B62F00914C0F /* Products */,
				024DEAAB499D2E5A6537EF92 /* Pods */,
				A277732D852BBC375E1307FE /* Frameworks */,
			);
			sourceTree = "<group>";
		};
		919607112A93B62F00914C0F /* Products */ = {
			isa = PBXGroup;
			children = (
				919607102A93B62F00914C0F /* Login in system.app */,
			);
			name = Products;
			sourceTree = "<group>";
		};
		919607122A93B62F00914C0F /* Login in system */ = {
			isa = PBXGroup;
			children = (
				919607272A93B67D00914C0F /* Application */,
				917F34EB2A976BB600B63AFA /* Auth */,
				910BDC472A9653D700D2764B /* Model */,
				910BDC092A96056E00D2764B /* Controllers */,
				91F0552E2A94E14300F54C3D /* View */,
				91F055312A94E19E00F54C3D /* Helpers */,
				919607282A93B69300914C0F /* SupportingFile */,
			);
			path = "Login in system";
			sourceTree = "<group>";
		};
		919607272A93B67D00914C0F /* Application */ = {
			isa = PBXGroup;
			children = (
				919607132A93B62F00914C0F /* AppDelegate.swift */,
				919607152A93B62F00914C0F /* SceneDelegate.swift */,
			);
			path = Application;
			sourceTree = "<group>";
		};
		919607282A93B69300914C0F /* SupportingFile */ = {
			isa = PBXGroup;
			children = (
				9196071C2A93B63200914C0F /* Assets.xcassets */,
				9196071E2A93B63200914C0F /* LaunchScreen.storyboard */,
				917F34E32A97432500B63AFA /* GoogleService-Info.plist */,
				919607212A93B63200914C0F /* Info.plist */,
			);
			path = SupportingFile;
			sourceTree = "<group>";
		};
		91F0552E2A94E14300F54C3D /* View */ = {
			isa = PBXGroup;
			children = (
				91F0552F2A94E16D00F54C3D /* AuthHeaderView.swift */,
				91F055372A950B7E00F54C3D /* CustomTextField.swift */,
				91F0553A2A95174C00F54C3D /* CustomButton.swift */,
				910BDC072A95E3FB00D2764B /* WebViewController.swift */,
			);
			path = View;
			sourceTree = "<group>";
		};
		91F055312A94E19E00F54C3D /* Helpers */ = {
			isa = PBXGroup;
			children = (
				910BDC0A2A96063B00D2764B /* AlertManager.swift */,
				91F055352A94EB2500F54C3D /* Constant.swift */,
				91F055342A94E1C600F54C3D /* UIkit */,
			);
			path = Helpers;
			sourceTree = "<group>";
		};
		91F055342A94E1C600F54C3D /* UIkit */ = {
			isa = PBXGroup;
			children = (
				91F055322A94E1AF00F54C3D /* UIView + Extensions .swift */,
			);
			path = UIkit;
			sourceTree = "<group>";
		};
		A277732D852BBC375E1307FE /* Frameworks */ = {
			isa = PBXGroup;
			children = (
				9E385BB3A4A95FA49A4B5917 /* Pods_Login_in_system.framework */,
			);
			name = Frameworks;
			sourceTree = "<group>";
		};
/* End PBXGroup section */

/* Begin PBXNativeTarget section */
		9196070F2A93B62F00914C0F /* Login in system */ = {
			isa = PBXNativeTarget;
			buildConfigurationList = 919607242A93B63200914C0F /* Build configuration list for PBXNativeTarget "Login in system" */;
			buildPhases = (
				059D822C6E5B252228F3AE9B /* [CP] Check Pods Manifest.lock */,
				9196070C2A93B62F00914C0F /* Sources */,
				9196070D2A93B62F00914C0F /* Frameworks */,
				9196070E2A93B62F00914C0F /* Resources */,
				E637DF54103E7F3475B0A9C2 /* [CP] Embed Pods Frameworks */,
			);
			buildRules = (
			);
			dependencies = (
			);
			name = "Login in system";
			productName = "Login in system";
			productReference = 919607102A93B62F00914C0F /* Login in system.app */;
			productType = "com.apple.product-type.application";
		};
/* End PBXNativeTarget section */

/* Begin PBXProject section */
		919607082A93B62F00914C0F /* Project object */ = {
			isa = PBXProject;
			attributes = {
				BuildIndependentTargetsInParallel = 1;
				LastSwiftUpdateCheck = 1430;
				LastUpgradeCheck = 1430;
				TargetAttributes = {
					9196070F2A93B62F00914C0F = {
						CreatedOnToolsVersion = 14.3.1;
					};
				};
			};
			buildConfigurationList = 9196070B2A93B62F00914C0F /* Build configuration list for PBXProject "Login in system" */;
			compatibilityVersion = "Xcode 14.0";
			developmentRegion = en;
			hasScannedForEncodings = 0;
			knownRegions = (
				en,
				Base,
				ru,
			);
			mainGroup = 919607072A93B62F00914C0F;
			productRefGroup = 919607112A93B62F00914C0F /* Products */;
			projectDirPath = "";
			projectRoot = "";
			targets = (
				9196070F2A93B62F00914C0F /* Login in system */,
			);
		};
/* End PBXProject section */

/* Begin PBXResourcesBuildPhase section */
		9196070E2A93B62F00914C0F /* Resources */ = {
			isa = PBXResourcesBuildPhase;
			buildActionMask = 2147483647;
			files = (
				919607202A93B63200914C0F /* LaunchScreen.storyboard in Resources */,
				917F34EF2A9772AE00B63AFA /* Localizable.strings in Resources */,
				9196071D2A93B63200914C0F /* Assets.xcassets in Resources */,
				917F34E42A97432500B63AFA /* GoogleService-Info.plist in Resources */,
			);
			runOnlyForDeploymentPostprocessing = 0;
		};
/* End PBXResourcesBuildPhase section */

/* Begin PBXShellScriptBuildPhase section */
		059D822C6E5B252228F3AE9B /* [CP] Check Pods Manifest.lock */ = {
			isa = PBXShellScriptBuildPhase;
			buildActionMask = 2147483647;
			files = (
			);
			inputFileListPaths = (
			);
			inputPaths = (
				"${PODS_PODFILE_DIR_PATH}/Podfile.lock",
				"${PODS_ROOT}/Manifest.lock",
			);
			name = "[CP] Check Pods Manifest.lock";
			outputFileListPaths = (
			);
			outputPaths = (
				"$(DERIVED_FILE_DIR)/Pods-Login in system-checkManifestLockResult.txt",
			);
			runOnlyForDeploymentPostprocessing = 0;
			shellPath = /bin/sh;
			shellScript = "diff \"${PODS_PODFILE_DIR_PATH}/Podfile.lock\" \"${PODS_ROOT}/Manifest.lock\" > /dev/null\nif [ $? != 0 ] ; then\n    # print error to STDERR\n    echo \"error: The sandbox is not in sync with the Podfile.lock. Run 'pod install' or update your CocoaPods installation.\" >&2\n    exit 1\nfi\n# This output is used by Xcode 'outputs' to avoid re-running this script phase.\necho \"SUCCESS\" > \"${SCRIPT_OUTPUT_FILE_0}\"\n";
			showEnvVarsInLog = 0;
		};
		E637DF54103E7F3475B0A9C2 /* [CP] Embed Pods Frameworks */ = {
			isa = PBXShellScriptBuildPhase;
			buildActionMask = 2147483647;
			files = (
			);
			inputFileListPaths = (
				"${PODS_ROOT}/Target Support Files/Pods-Login in system/Pods-Login in system-frameworks-${CONFIGURATION}-input-files.xcfilelist",
			);
			name = "[CP] Embed Pods Frameworks";
			outputFileListPaths = (
				"${PODS_ROOT}/Target Support Files/Pods-Login in system/Pods-Login in system-frameworks-${CONFIGURATION}-output-files.xcfilelist",
			);
			runOnlyForDeploymentPostprocessing = 0;
			shellPath = /bin/sh;
			shellScript = "\"${PODS_ROOT}/Target Support Files/Pods-Login in system/Pods-Login in system-frameworks.sh\"\n";
			showEnvVarsInLog = 0;
		};
/* End PBXShellScriptBuildPhase section */

/* Begin PBXSourcesBuildPhase section */
		9196070C2A93B62F00914C0F /* Sources */ = {
			isa = PBXSourcesBuildPhase;
			buildActionMask = 2147483647;
			files = (
				919607142A93B62F00914C0F /* AppDelegate.swift in Sources */,
				91F055332A94E1AF00F54C3D /* UIView + Extensions .swift in Sources */,
				917F34E62A97488800B63AFA /* LoginUserRequest.swift in Sources */,
				91F055362A94EB2500F54C3D /* Constant.swift in Sources */,
				910BDC492A96546500D2764B /* RegisterUserRequest.swift in Sources */,
				919607162A93B62F00914C0F /* SceneDelegate.swift in Sources */,
				91F055382A950B7F00F54C3D /* CustomTextField.swift in Sources */,
				910BDC0B2A96063B00D2764B /* AlertManager.swift in Sources */,
				919607302A93BA0A00914C0F /* ForgotPasswordController.swift in Sources */,
				917F34EA2A97577A00B63AFA /* Validation.swift in Sources */,
				9196072E2A93B9DB00914C0F /* RegisterViewController.swift in Sources */,
				910BDC082A95E3FB00D2764B /* WebViewController.swift in Sources */,
				91F0553B2A95174C00F54C3D /* CustomButton.swift in Sources */,
				9196072C2A93B9C300914C0F /* LoginViewController.swift in Sources */,
				9196072A2A93B97400914C0F /* HomeViewController.swift in Sources */,
				91F055302A94E16D00F54C3D /* AuthHeaderView.swift in Sources */,
				910BDC462A9652F000D2764B /* AuthService.swift in Sources */,
			);
			runOnlyForDeploymentPostprocessing = 0;
		};
/* End PBXSourcesBuildPhase section */

/* Begin PBXVariantGroup section */
		917F34F12A9772AE00B63AFA /* Localizable.strings */ = {
			isa = PBXVariantGroup;
			children = (
				917F34F02A9772AE00B63AFA /* en */,
				917F34F22A9772B500B63AFA /* ru */,
			);
			name = Localizable.strings;
			sourceTree = "<group>";
		};
		9196071E2A93B63200914C0F /* LaunchScreen.storyboard */ = {
			isa = PBXVariantGroup;
			children = (
				9196071F2A93B63200914C0F /* Base */,
				917F34EE2A97726E00B63AFA /* ru */,
			);
			name = LaunchScreen.storyboard;
			sourceTree = "<group>";
		};
/* End PBXVariantGroup section */

/* Begin XCBuildConfiguration section */
		919607222A93B63200914C0F /* Debug */ = {
			isa = XCBuildConfiguration;
			buildSettings = {
				ALWAYS_SEARCH_USER_PATHS = NO;
				CLANG_ANALYZER_LOCALIZABILITY_NONLOCALIZED = YES;
				CLANG_ANALYZER_NONNULL = YES;
				CLANG_ANALYZER_NUMBER_OBJECT_CONVERSION = YES_AGGRESSIVE;
				CLANG_CXX_LANGUAGE_STANDARD = "gnu++20";
				CLANG_ENABLE_MODULES = YES;
				CLANG_ENABLE_OBJC_ARC = YES;
				CLANG_ENABLE_OBJC_WEAK = YES;
				CLANG_WARN_BLOCK_CAPTURE_AUTORELEASING = YES;
				CLANG_WARN_BOOL_CONVERSION = YES;
				CLANG_WARN_COMMA = YES;
				CLANG_WARN_CONSTANT_CONVERSION = YES;
				CLANG_WARN_DEPRECATED_OBJC_IMPLEMENTATIONS = YES;
				CLANG_WARN_DIRECT_OBJC_ISA_USAGE = YES_ERROR;
				CLANG_WARN_DOCUMENTATION_COMMENTS = YES;
				CLANG_WARN_EMPTY_BODY = YES;
				CLANG_WARN_ENUM_CONVERSION = YES;
				CLANG_WARN_INFINITE_RECURSION = YES;
				CLANG_WARN_INT_CONVERSION = YES;
				CLANG_WARN_NON_LITERAL_NULL_CONVERSION = YES;
				CLANG_WARN_OBJC_IMPLICIT_RETAIN_SELF = YES;
				CLANG_WARN_OBJC_LITERAL_CONVERSION = YES;
				CLANG_WARN_OBJC_ROOT_CLASS = YES_ERROR;
				CLANG_WARN_QUOTED_INCLUDE_IN_FRAMEWORK_HEADER = YES;
				CLANG_WARN_RANGE_LOOP_ANALYSIS = YES;
				CLANG_WARN_STRICT_PROTOTYPES = YES;
				CLANG_WARN_SUSPICIOUS_MOVE = YES;
				CLANG_WARN_UNGUARDED_AVAILABILITY = YES_AGGRESSIVE;
				CLANG_WARN_UNREACHABLE_CODE = YES;
				CLANG_WARN__DUPLICATE_METHOD_MATCH = YES;
				COPY_PHASE_STRIP = NO;
				DEBUG_INFORMATION_FORMAT = dwarf;
				ENABLE_STRICT_OBJC_MSGSEND = YES;
				ENABLE_TESTABILITY = YES;
				GCC_C_LANGUAGE_STANDARD = gnu11;
				GCC_DYNAMIC_NO_PIC = NO;
				GCC_NO_COMMON_BLOCKS = YES;
				GCC_OPTIMIZATION_LEVEL = 0;
				GCC_PREPROCESSOR_DEFINITIONS = (
					"DEBUG=1",
					"$(inherited)",
				);
				GCC_WARN_64_TO_32_BIT_CONVERSION = YES;
				GCC_WARN_ABOUT_RETURN_TYPE = YES_ERROR;
				GCC_WARN_UNDECLARED_SELECTOR = YES;
				GCC_WARN_UNINITIALIZED_AUTOS = YES_AGGRESSIVE;
				GCC_WARN_UNUSED_FUNCTION = YES;
				GCC_WARN_UNUSED_VARIABLE = YES;
				IPHONEOS_DEPLOYMENT_TARGET = 13.0;
				MTL_ENABLE_DEBUG_INFO = INCLUDE_SOURCE;
				MTL_FAST_MATH = YES;
				ONLY_ACTIVE_ARCH = YES;
				SDKROOT = iphoneos;
				SWIFT_ACTIVE_COMPILATION_CONDITIONS = DEBUG;
				SWIFT_OPTIMIZATION_LEVEL = "-Onone";
			};
			name = Debug;
		};
		919607232A93B63200914C0F /* Release */ = {
			isa = XCBuildConfiguration;
			buildSettings = {
				ALWAYS_SEARCH_USER_PATHS = NO;
				CLANG_ANALYZER_LOCALIZABILITY_NONLOCALIZED = YES;
				CLANG_ANALYZER_NONNULL = YES;
				CLANG_ANALYZER_NUMBER_OBJECT_CONVERSION = YES_AGGRESSIVE;
				CLANG_CXX_LANGUAGE_STANDARD = "gnu++20";
				CLANG_ENABLE_MODULES = YES;
				CLANG_ENABLE_OBJC_ARC = YES;
				CLANG_ENABLE_OBJC_WEAK = YES;
				CLANG_WARN_BLOCK_CAPTURE_AUTORELEASING = YES;
				CLANG_WARN_BOOL_CONVERSION = YES;
				CLANG_WARN_COMMA = YES;
				CLANG_WARN_CONSTANT_CONVERSION = YES;
				CLANG_WARN_DEPRECATED_OBJC_IMPLEMENTATIONS = YES;
				CLANG_WARN_DIRECT_OBJC_ISA_USAGE = YES_ERROR;
				CLANG_WARN_DOCUMENTATION_COMMENTS = YES;
				CLANG_WARN_EMPTY_BODY = YES;
				CLANG_WARN_ENUM_CONVERSION = YES;
				CLANG_WARN_INFINITE_RECURSION = YES;
				CLANG_WARN_INT_CONVERSION = YES;
				CLANG_WARN_NON_LITERAL_NULL_CONVERSION = YES;
				CLANG_WARN_OBJC_IMPLICIT_RETAIN_SELF = YES;
				CLANG_WARN_OBJC_LITERAL_CONVERSION = YES;
				CLANG_WARN_OBJC_ROOT_CLASS = YES_ERROR;
				CLANG_WARN_QUOTED_INCLUDE_IN_FRAMEWORK_HEADER = YES;
				CLANG_WARN_RANGE_LOOP_ANALYSIS = YES;
				CLANG_WARN_STRICT_PROTOTYPES = YES;
				CLANG_WARN_SUSPICIOUS_MOVE = YES;
				CLANG_WARN_UNGUARDED_AVAILABILITY = YES_AGGRESSIVE;
				CLANG_WARN_UNREACHABLE_CODE = YES;
				CLANG_WARN__DUPLICATE_METHOD_MATCH = YES;
				COPY_PHASE_STRIP = NO;
				DEBUG_INFORMATION_FORMAT = "dwarf-with-dsym";
				ENABLE_NS_ASSERTIONS = NO;
				ENABLE_STRICT_OBJC_MSGSEND = YES;
				GCC_C_LANGUAGE_STANDARD = gnu11;
				GCC_NO_COMMON_BLOCKS = YES;
				GCC_WARN_64_TO_32_BIT_CONVERSION = YES;
				GCC_WARN_ABOUT_RETURN_TYPE = YES_ERROR;
				GCC_WARN_UNDECLARED_SELECTOR = YES;
				GCC_WARN_UNINITIALIZED_AUTOS = YES_AGGRESSIVE;
				GCC_WARN_UNUSED_FUNCTION = YES;
				GCC_WARN_UNUSED_VARIABLE = YES;
				IPHONEOS_DEPLOYMENT_TARGET = 13.0;
				MTL_ENABLE_DEBUG_INFO = NO;
				MTL_FAST_MATH = YES;
				SDKROOT = iphoneos;
				SWIFT_COMPILATION_MODE = wholemodule;
				SWIFT_OPTIMIZATION_LEVEL = "-O";
				VALIDATE_PRODUCT = YES;
			};
			name = Release;
		};
		919607252A93B63200914C0F /* Debug */ = {
			isa = XCBuildConfiguration;
			baseConfigurationReference = C77BFFA98D5AC51F15A21BED /* Pods-Login in system.debug.xcconfig */;
			buildSettings = {
				ASSETCATALOG_COMPILER_APPICON_NAME = AppIcon;
				ASSETCATALOG_COMPILER_GLOBAL_ACCENT_COLOR_NAME = AccentColor;
				CODE_SIGN_STYLE = Automatic;
				CURRENT_PROJECT_VERSION = 1;
				DEVELOPMENT_TEAM = 9VPKL84SZ9;
				GENERATE_INFOPLIST_FILE = YES;
				INFOPLIST_FILE = "Login in system/SupportingFile/Info.plist";
				INFOPLIST_KEY_CFBundleDisplayName = "Login System3";
				INFOPLIST_KEY_LSApplicationCategoryType = "public.app-category.books";
				INFOPLIST_KEY_UIApplicationSupportsIndirectInputEvents = YES;
				INFOPLIST_KEY_UILaunchStoryboardName = LaunchScreen;
				INFOPLIST_KEY_UISupportedInterfaceOrientations = UIInterfaceOrientationPortrait;
				INFOPLIST_KEY_UISupportedInterfaceOrientations_iPad = "UIInterfaceOrientationLandscapeLeft UIInterfaceOrientationLandscapeRight UIInterfaceOrientationPortrait UIInterfaceOrientationPortraitUpsideDown";
				IPHONEOS_DEPLOYMENT_TARGET = 13.0;
				LD_RUNPATH_SEARCH_PATHS = (
					"$(inherited)",
					"@executable_path/Frameworks",
				);
				MARKETING_VERSION = 1.0;
				PRODUCT_BUNDLE_IDENTIFIER = "bezrukov.andrey.Login-in-system3";
				PRODUCT_NAME = "$(TARGET_NAME)";
				SUPPORTED_PLATFORMS = "iphoneos iphonesimulator";
				SUPPORTS_MACCATALYST = NO;
				SUPPORTS_MAC_DESIGNED_FOR_IPHONE_IPAD = NO;
				SWIFT_EMIT_LOC_STRINGS = YES;
				SWIFT_VERSION = 5.0;
				TARGETED_DEVICE_FAMILY = 1;
			};
			name = Debug;
		};
		919607262A93B63200914C0F /* Release */ = {
			isa = XCBuildConfiguration;
			baseConfigurationReference = 4958920A47ED3FB1B7F21A86 /* Pods-Login in system.release.xcconfig */;
			buildSettings = {
				ASSETCATALOG_COMPILER_APPICON_NAME = AppIcon;
				ASSETCATALOG_COMPILER_GLOBAL_ACCENT_COLOR_NAME = AccentColor;
				CODE_SIGN_STYLE = Automatic;
				CURRENT_PROJECT_VERSION = 1;
				DEVELOPMENT_TEAM = 9VPKL84SZ9;
				GENERATE_INFOPLIST_FILE = YES;
				INFOPLIST_FILE = "Login in system/SupportingFile/Info.plist";
				INFOPLIST_KEY_CFBundleDisplayName = "Login System3";
				INFOPLIST_KEY_LSApplicationCategoryType = "public.app-category.books";
				INFOPLIST_KEY_UIApplicationSupportsIndirectInputEvents = YES;
				INFOPLIST_KEY_UILaunchStoryboardName = LaunchScreen;
				INFOPLIST_KEY_UISupportedInterfaceOrientations = UIInterfaceOrientationPortrait;
				INFOPLIST_KEY_UISupportedInterfaceOrientations_iPad = "UIInterfaceOrientationLandscapeLeft UIInterfaceOrientationLandscapeRight UIInterfaceOrientationPortrait UIInterfaceOrientationPortraitUpsideDown";
				IPHONEOS_DEPLOYMENT_TARGET = 13.0;
				LD_RUNPATH_SEARCH_PATHS = (
					"$(inherited)",
					"@executable_path/Frameworks",
				);
				MARKETING_VERSION = 1.0;
				PRODUCT_BUNDLE_IDENTIFIER = "bezrukov.andrey.Login-in-system3";
				PRODUCT_NAME = "$(TARGET_NAME)";
				SUPPORTED_PLATFORMS = "iphoneos iphonesimulator";
				SUPPORTS_MACCATALYST = NO;
				SUPPORTS_MAC_DESIGNED_FOR_IPHONE_IPAD = NO;
				SWIFT_EMIT_LOC_STRINGS = YES;
				SWIFT_VERSION = 5.0;
				TARGETED_DEVICE_FAMILY = 1;
			};
			name = Release;
		};
/* End XCBuildConfiguration section */

/* Begin XCConfigurationList section */
		9196070B2A93B62F00914C0F /* Build configuration list for PBXProject "Login in system" */ = {
			isa = XCConfigurationList;
			buildConfigurations = (
				919607222A93B63200914C0F /* Debug */,
				919607232A93B63200914C0F /* Release */,
			);
			defaultConfigurationIsVisible = 0;
			defaultConfigurationName = Release;
		};
		919607242A93B63200914C0F /* Build configuration list for PBXNativeTarget "Login in system" */ = {
			isa = XCConfigurationList;
			buildConfigurations = (
				919607252A93B63200914C0F /* Debug */,
				919607262A93B63200914C0F /* Release */,
			);
			defaultConfigurationIsVisible = 0;
			defaultConfigurationName = Release;
		};
/* End XCConfigurationList section */
	};
	rootObject = 919607082A93B62F00914C0F /* Project object */;
}
